Microsoft Visual Studio Solution File, Format Version 12.00
# Visual Studio Version 18
VisualStudioVersion = 18.0.11116.177
MinimumVisualStudioVersion = 10.0.40219.1
Project("{FAE04EC0-301F-11D3-BF4B-00C04F79EFBC}") = "KidsIdKit.Core", "KidsIdKit.Core\KidsIdKit.Core.csproj", "{C8D7DDE1-7259-4E7C-B577-5E08C838ECC8}"
EndProject
Project("{2150E333-8FDC-42A3-9474-1A3956D46DE8}") = "Solution Items", "Solution Items", "{8D974FC2-C671-443F-B8BB-574CCF5711B2}"
	ProjectSection(SolutionItems) = preProject
		.editorconfig = .editorconfig
		.github\workflows\azure-static-web-apps-lively-moss-05af81610.yml = .github\workflows\azure-static-web-apps-lively-moss-05af81610.yml
		.github\workflows\ci-build.yml = .github\workflows\ci-build.yml
		docs\colors.md = docs\colors.md
		docs\dev-environment.md = docs\dev-environment.md
		readme.md = readme.md
	EndProjectSection
EndProject
Project("{FAE04EC0-301F-11D3-BF4B-00C04F79EFBC}") = "KidsIdKit.Web", "KidsIdKit.Web\KidsIdKit.Web.csproj", "{D59ADD3F-3776-4CA5-A542-0B34FE6203A0}"
EndProject
Project("{FAE04EC0-301F-11D3-BF4B-00C04F79EFBC}") = "KidsIdKit.Mobile", "KidsIdKit.Mobile\KidsIdKit.Mobile.csproj", "{158ECC3B-661C-2DCE-41CC-628CE0FC2DE4}"
EndProject
Project("{FAE04EC0-301F-11D3-BF4B-00C04F79EFBC}") = "KidsIdKit.Tests", "KidsIdKit.Tests\KidsIdKit.Tests.csproj", "{DFC196A6-0B5D-4D8E-AA13-A877AE865A17}"
EndProject
Project("{2150E333-8FDC-42A3-9474-1A3956D46DE8}") = "Application", "Application", "{C163DD08-84BE-48E5-B8F7-009A947924E9}"
EndProject
Global
	GlobalSection(SolutionConfigurationPlatforms) = preSolution
		Debug|Any CPU = Debug|Any CPU
		Debug|x64 = Debug|x64
		Debug|x86 = Debug|x86
		Release|Any CPU = Release|Any CPU
		Release|x64 = Release|x64
		Release|x86 = Release|x86
	EndGlobalSection
	GlobalSection(ProjectConfigurationPlatforms) = postSolution
		{C8D7DDE1-7259-4E7C-B577-5E08C838ECC8}.Debug|Any CPU.ActiveCfg = Debug|Any CPU
		{C8D7DDE1-7259-4E7C-B577-5E08C838ECC8}.Debug|Any CPU.Build.0 = Debug|Any CPU
		{C8D7DDE1-7259-4E7C-B577-5E08C838ECC8}.Debug|x64.ActiveCfg = Debug|Any CPU
		{C8D7DDE1-7259-4E7C-B577-5E08C838ECC8}.Debug|x64.Build.0 = Debug|Any CPU
		{C8D7DDE1-7259-4E7C-B577-5E08C838ECC8}.Debug|x86.ActiveCfg = Debug|Any CPU
		{C8D7DDE1-7259-4E7C-B577-5E08C838ECC8}.Debug|x86.Build.0 = Debug|Any CPU
		{C8D7DDE1-7259-4E7C-B577-5E08C838ECC8}.Release|Any CPU.ActiveCfg = Release|Any CPU
		{C8D7DDE1-7259-4E7C-B577-5E08C838ECC8}.Release|Any CPU.Build.0 = Release|Any CPU
		{C8D7DDE1-7259-4E7C-B577-5E08C838ECC8}.Release|x64.ActiveCfg = Release|Any CPU
		{C8D7DDE1-7259-4E7C-B577-5E08C838ECC8}.Release|x64.Build.0 = Release|Any CPU
		{C8D7DDE1-7259-4E7C-B577-5E08C838ECC8}.Release|x86.ActiveCfg = Release|Any CPU
		{C8D7DDE1-7259-4E7C-B577-5E08C838ECC8}.Release|x86.Build.0 = Release|Any CPU
		{D59ADD3F-3776-4CA5-A542-0B34FE6203A0}.Debug|Any CPU.ActiveCfg = Debug|Any CPU
		{D59ADD3F-3776-4CA5-A542-0B34FE6203A0}.Debug|Any CPU.Build.0 = Debug|Any CPU
		{D59ADD3F-3776-4CA5-A542-0B34FE6203A0}.Debug|x64.ActiveCfg = Debug|Any CPU
		{D59ADD3F-3776-4CA5-A542-0B34FE6203A0}.Debug|x64.Build.0 = Debug|Any CPU
		{D59ADD3F-3776-4CA5-A542-0B34FE6203A0}.Debug|x86.ActiveCfg = Debug|Any CPU
		{D59ADD3F-3776-4CA5-A542-0B34FE6203A0}.Debug|x86.Build.0 = Debug|Any CPU
		{D59ADD3F-3776-4CA5-A542-0B34FE6203A0}.Release|Any CPU.ActiveCfg = Release|Any CPU
		{D59ADD3F-3776-4CA5-A542-0B34FE6203A0}.Release|Any CPU.Build.0 = Release|Any CPU
		{D59ADD3F-3776-4CA5-A542-0B34FE6203A0}.Release|x64.ActiveCfg = Release|Any CPU
		{D59ADD3F-3776-4CA5-A542-0B34FE6203A0}.Release|x64.Build.0 = Release|Any CPU
		{D59ADD3F-3776-4CA5-A542-0B34FE6203A0}.Release|x86.ActiveCfg = Release|Any CPU
		{D59ADD3F-3776-4CA5-A542-0B34FE6203A0}.Release|x86.Build.0 = Release|Any CPU
		{158ECC3B-661C-2DCE-41CC-628CE0FC2DE4}.Debug|Any CPU.ActiveCfg = Debug|Any CPU
		{158ECC3B-661C-2DCE-41CC-628CE0FC2DE4}.Debug|Any CPU.Build.0 = Debug|Any CPU
		{158ECC3B-661C-2DCE-41CC-628CE0FC2DE4}.Debug|Any CPU.Deploy.0 = Debug|Any CPU
		{158ECC3B-661C-2DCE-41CC-628CE0FC2DE4}.Debug|x64.ActiveCfg = Debug|Any CPU
		{158ECC3B-661C-2DCE-41CC-628CE0FC2DE4}.Debug|x64.Build.0 = Debug|Any CPU
		{158ECC3B-661C-2DCE-41CC-628CE0FC2DE4}.Debug|x86.ActiveCfg = Debug|Any CPU
		{158ECC3B-661C-2DCE-41CC-628CE0FC2DE4}.Debug|x86.Build.0 = Debug|Any CPU
		{158ECC3B-661C-2DCE-41CC-628CE0FC2DE4}.Release|Any CPU.ActiveCfg = Release|Any CPU
		{158ECC3B-661C-2DCE-41CC-628CE0FC2DE4}.Release|Any CPU.Build.0 = Release|Any CPU
		{158ECC3B-661C-2DCE-41CC-628CE0FC2DE4}.Release|Any CPU.Deploy.0 = Release|Any CPU
		{158ECC3B-661C-2DCE-41CC-628CE0FC2DE4}.Release|x64.ActiveCfg = Release|Any CPU
		{158ECC3B-661C-2DCE-41CC-628CE0FC2DE4}.Release|x64.Build.0 = Release|Any CPU
		{158ECC3B-661C-2DCE-41CC-628CE0FC2DE4}.Release|x86.ActiveCfg = Release|Any CPU
		{158ECC3B-661C-2DCE-41CC-628CE0FC2DE4}.Release|x86.Build.0 = Release|Any CPU
		{DFC196A6-0B5D-4D8E-AA13-A877AE865A17}.Debug|Any CPU.ActiveCfg = Debug|Any CPU
		{DFC196A6-0B5D-4D8E-AA13-A877AE865A17}.Debug|Any CPU.Build.0 = Debug|Any CPU
		{DFC196A6-0B5D-4D8E-AA13-A877AE865A17}.Debug|x64.ActiveCfg = Debug|Any CPU
		{DFC196A6-0B5D-4D8E-AA13-A877AE865A17}.Debug|x64.Build.0 = Debug|Any CPU
		{DFC196A6-0B5D-4D8E-AA13-A877AE865A17}.Debug|x86.ActiveCfg = Debug|Any CPU
		{DFC196A6-0B5D-4D8E-AA13-A877AE865A17}.Debug|x86.Build.0 = Debug|Any CPU
		{DFC196A6-0B5D-4D8E-AA13-A877AE865A17}.Release|Any CPU.ActiveCfg = Release|Any CPU
		{DFC196A6-0B5D-4D8E-AA13-A877AE865A17}.Release|Any CPU.Build.0 = Release|Any CPU
		{DFC196A6-0B5D-4D8E-AA13-A877AE865A17}.Release|x64.ActiveCfg = Release|Any CPU
		{DFC196A6-0B5D-4D8E-AA13-A877AE865A17}.Release|x64.Build.0 = Release|Any CPU
		{DFC196A6-0B5D-4D8E-AA13-A877AE865A17}.Release|x86.ActiveCfg = Release|Any CPU
		{DFC196A6-0B5D-4D8E-AA13-A877AE865A17}.Release|x86.Build.0 = Release|Any CPU
	EndGlobalSection
	GlobalSection(SolutionProperties) = preSolution
		HideSolutionNode = FALSE
	EndGlobalSection
	GlobalSection(NestedProjects) = preSolution
		{C8D7DDE1-7259-4E7C-B577-5E08C838ECC8} = {C163DD08-84BE-48E5-B8F7-009A947924E9}
		{D59ADD3F-3776-4CA5-A542-0B34FE6203A0} = {C163DD08-84BE-48E5-B8F7-009A947924E9}
		{158ECC3B-661C-2DCE-41CC-628CE0FC2DE4} = {C163DD08-84BE-48E5-B8F7-009A947924E9}
	EndGlobalSection
	GlobalSection(ExtensibilityGlobals) = postSolution
		SolutionGuid = {D49260B0-9212-422B-8172-F591A06A4F57}
	EndGlobalSection
EndGlobal
